// !$*UTF8*$!
{
	archiveVersion = 1;
	classes = {
	};
	objectVersion = 55;
	objects = {

/* Begin PBXBuildFile section */
		595FB1D227F3495200E4E328 /* AppDelegate.swift in Sources */ = {isa = PBXBuildFile; fileRef = 595FB1D127F3495200E4E328 /* AppDelegate.swift */; };
		595FB1D427F3495200E4E328 /* SceneDelegate.swift in Sources */ = {isa = PBXBuildFile; fileRef = 595FB1D327F3495200E4E328 /* SceneDelegate.swift */; };
		595FB1D627F3495200E4E328 /* ViewController.swift in Sources */ = {isa = PBXBuildFile; fileRef = 595FB1D527F3495200E4E328 /* ViewController.swift */; };
		595FB1DB27F3495300E4E328 /* Assets.xcassets in Resources */ = {isa = PBXBuildFile; fileRef = 595FB1DA27F3495300E4E328 /* Assets.xcassets */; };
		595FB1DE27F3495300E4E328 /* LaunchScreen.storyboard in Resources */ = {isa = PBXBuildFile; fileRef = 595FB1DC27F3495300E4E328 /* LaunchScreen.storyboard */; };
		595FB1E627F34FFE00E4E328 /* HabitsStore.swift in Sources */ = {isa = PBXBuildFile; fileRef = 595FB1E527F34FFE00E4E328 /* HabitsStore.swift */; };
		595FB1EA27F35CA300E4E328 /* HabitsViewController.swift in Sources */ = {isa = PBXBuildFile; fileRef = 595FB1E927F35CA300E4E328 /* HabitsViewController.swift */; };
		595FB1EC27F35CC700E4E328 /* InfoViewController.swift in Sources */ = {isa = PBXBuildFile; fileRef = 595FB1EB27F35CC700E4E328 /* InfoViewController.swift */; };
		595FB1EF27F3616800E4E328 /* Constants.swift in Sources */ = {isa = PBXBuildFile; fileRef = 595FB1EE27F3616800E4E328 /* Constants.swift */; };
		595FB1F127F391F600E4E328 /* InfoContentView.swift in Sources */ = {isa = PBXBuildFile; fileRef = 595FB1F027F391F600E4E328 /* InfoContentView.swift */; };
		595FB1F327F3936E00E4E328 /* Extentions.swift in Sources */ = {isa = PBXBuildFile; fileRef = 595FB1F227F3936E00E4E328 /* Extentions.swift */; };
		595FB1F527F3BBA500E4E328 /* HabitEditViewController.swift in Sources */ = {isa = PBXBuildFile; fileRef = 595FB1F427F3BBA500E4E328 /* HabitEditViewController.swift */; };
		595FB1FB27FA440300E4E328 /* Storage.swift in Sources */ = {isa = PBXBuildFile; fileRef = 595FB1FA27FA440300E4E328 /* Storage.swift */; };
		595FB1FD27FA459000E4E328 /* HobitsCollectionViewCell.swift in Sources */ = {isa = PBXBuildFile; fileRef = 595FB1FC27FA459000E4E328 /* HobitsCollectionViewCell.swift */; };
		595FB1FF27FB594700E4E328 /* HobitsProgressCollectionViewCell.swift in Sources */ = {isa = PBXBuildFile; fileRef = 595FB1FE27FB594700E4E328 /* HobitsProgressCollectionViewCell.swift */; };
		595FB20127FCD17400E4E328 /* HabitEditView.swift in Sources */ = {isa = PBXBuildFile; fileRef = 595FB20027FCD17400E4E328 /* HabitEditView.swift */; };
		595FB20327FCDF2E00E4E328 /* HabitsCollectionView.swift in Sources */ = {isa = PBXBuildFile; fileRef = 595FB20227FCDF2E00E4E328 /* HabitsCollectionView.swift */; };
		595FB2092801E21100E4E328 /* HabitDetailViewController.swift in Sources */ = {isa = PBXBuildFile; fileRef = 595FB2082801E21100E4E328 /* HabitDetailViewController.swift */; };
		595FB20B2801EB9500E4E328 /* HabitDetailTableView.swift in Sources */ = {isa = PBXBuildFile; fileRef = 595FB20A2801EB9500E4E328 /* HabitDetailTableView.swift */; };
		595FB20D2801EC2D00E4E328 /* HabitDetailTableViewCell.swift in Sources */ = {isa = PBXBuildFile; fileRef = 595FB20C2801EC2D00E4E328 /* HabitDetailTableViewCell.swift */; };
/* End PBXBuildFile section */

/* Begin PBXFileReference section */
		595FB1CE27F3495200E4E328 /* MyHabits.app */ = {isa = PBXFileReference; explicitFileType = wrapper.application; includeInIndex = 0; path = MyHabits.app; sourceTree = BUILT_PRODUCTS_DIR; };
		595FB1D127F3495200E4E328 /* AppDelegate.swift */ = {isa = PBXFileReference; lastKnownFileType = sourcecode.swift; path = AppDelegate.swift; sourceTree = "<group>"; };
		595FB1D327F3495200E4E328 /* SceneDelegate.swift */ = {isa = PBXFileReference; lastKnownFileType = sourcecode.swift; path = SceneDelegate.swift; sourceTree = "<group>"; };
		595FB1D527F3495200E4E328 /* ViewController.swift */ = {isa = PBXFileReference; lastKnownFileType = sourcecode.swift; path = ViewController.swift; sourceTree = "<group>"; };
		595FB1DA27F3495300E4E328 /* Assets.xcassets */ = {isa = PBXFileReference; lastKnownFileType = folder.assetcatalog; path = Assets.xcassets; sourceTree = "<group>"; };
		595FB1DD27F3495300E4E328 /* Base */ = {isa = PBXFileReference; lastKnownFileType = file.storyboard; name = Base; path = Base.lproj/LaunchScreen.storyboard; sourceTree = "<group>"; };
		595FB1DF27F3495300E4E328 /* Info.plist */ = {isa = PBXFileReference; lastKnownFileType = text.plist.xml; path = Info.plist; sourceTree = "<group>"; };
		595FB1E527F34FFE00E4E328 /* HabitsStore.swift */ = {isa = PBXFileReference; fileEncoding = 4; lastKnownFileType = sourcecode.swift; path = HabitsStore.swift; sourceTree = "<group>"; };
		595FB1E927F35CA300E4E328 /* HabitsViewController.swift */ = {isa = PBXFileReference; lastKnownFileType = sourcecode.swift; path = HabitsViewController.swift; sourceTree = "<group>"; };
		595FB1EB27F35CC700E4E328 /* InfoViewController.swift */ = {isa = PBXFileReference; lastKnownFileType = sourcecode.swift; path = InfoViewController.swift; sourceTree = "<group>"; };
		595FB1EE27F3616800E4E328 /* Constants.swift */ = {isa = PBXFileReference; lastKnownFileType = sourcecode.swift; path = Constants.swift; sourceTree = "<group>"; };
		595FB1F027F391F600E4E328 /* InfoContentView.swift */ = {isa = PBXFileReference; lastKnownFileType = sourcecode.swift; path = InfoContentView.swift; sourceTree = "<group>"; };
		595FB1F227F3936E00E4E328 /* Extentions.swift */ = {isa = PBXFileReference; lastKnownFileType = sourcecode.swift; path = Extentions.swift; sourceTree = "<group>"; };
		595FB1F427F3BBA500E4E328 /* HabitEditViewController.swift */ = {isa = PBXFileReference; lastKnownFileType = sourcecode.swift; path = HabitEditViewController.swift; sourceTree = "<group>"; };
		595FB1FA27FA440300E4E328 /* Storage.swift */ = {isa = PBXFileReference; lastKnownFileType = sourcecode.swift; path = Storage.swift; sourceTree = "<group>"; };
		595FB1FC27FA459000E4E328 /* HobitsCollectionViewCell.swift */ = {isa = PBXFileReference; lastKnownFileType = sourcecode.swift; path = HobitsCollectionViewCell.swift; sourceTree = "<group>"; };
		595FB1FE27FB594700E4E328 /* HobitsProgressCollectionViewCell.swift */ = {isa = PBXFileReference; lastKnownFileType = sourcecode.swift; path = HobitsProgressCollectionViewCell.swift; sourceTree = "<group>"; };
		595FB20027FCD17400E4E328 /* HabitEditView.swift */ = {isa = PBXFileReference; lastKnownFileType = sourcecode.swift; path = HabitEditView.swift; sourceTree = "<group>"; };
		595FB20227FCDF2E00E4E328 /* HabitsCollectionView.swift */ = {isa = PBXFileReference; lastKnownFileType = sourcecode.swift; path = HabitsCollectionView.swift; sourceTree = "<group>"; };
		595FB2082801E21100E4E328 /* HabitDetailViewController.swift */ = {isa = PBXFileReference; lastKnownFileType = sourcecode.swift; path = HabitDetailViewController.swift; sourceTree = "<group>"; };
		595FB20A2801EB9500E4E328 /* HabitDetailTableView.swift */ = {isa = PBXFileReference; lastKnownFileType = sourcecode.swift; path = HabitDetailTableView.swift; sourceTree = "<group>"; };
		595FB20C2801EC2D00E4E328 /* HabitDetailTableViewCell.swift */ = {isa = PBXFileReference; lastKnownFileType = sourcecode.swift; path = HabitDetailTableViewCell.swift; sourceTree = "<group>"; };
/* End PBXFileReference section */

/* Begin PBXFrameworksBuildPhase section */
		595FB1CB27F3495200E4E328 /* Frameworks */ = {
			isa = PBXFrameworksBuildPhase;
			buildActionMask = 2147483647;
			files = (
			);
			runOnlyForDeploymentPostprocessing = 0;
		};
/* End PBXFrameworksBuildPhase section */

/* Begin PBXGroup section */
		595FB1C527F3495200E4E328 = {
			isa = PBXGroup;
			children = (
				595FB1D027F3495200E4E328 /* MyHabits */,
				595FB1CF27F3495200E4E328 /* Products */,
			);
			sourceTree = "<group>";
		};
		595FB1CF27F3495200E4E328 /* Products */ = {
			isa = PBXGroup;
			children = (
				595FB1CE27F3495200E4E328 /* MyHabits.app */,
			);
			name = Products;
			sourceTree = "<group>";
		};
		595FB1D027F3495200E4E328 /* MyHabits */ = {
			isa = PBXGroup;
			children = (
				595FB20527FCF37500E4E328 /* HabitEdit */,
				595FB2072801E10100E4E328 /* HabitDatail */,
				595FB1E727F35C3700E4E328 /* HabitsCollection */,
				595FB1E827F35C4400E4E328 /* Info */,
				595FB1ED27F3611F00E4E328 /* Common */,
				595FB20627FCF45200E4E328 /* Model */,
				595FB1D127F3495200E4E328 /* AppDelegate.swift */,
				595FB1D327F3495200E4E328 /* SceneDelegate.swift */,
				595FB1D527F3495200E4E328 /* ViewController.swift */,
				595FB1DA27F3495300E4E328 /* Assets.xcassets */,
				595FB1DC27F3495300E4E328 /* LaunchScreen.storyboard */,
				595FB1DF27F3495300E4E328 /* Info.plist */,
			);
			path = MyHabits;
			sourceTree = "<group>";
		};
		595FB1E727F35C3700E4E328 /* HabitsCollection */ = {
			isa = PBXGroup;
			children = (
				595FB1E927F35CA300E4E328 /* HabitsViewController.swift */,
				595FB20227FCDF2E00E4E328 /* HabitsCollectionView.swift */,
				595FB1FC27FA459000E4E328 /* HobitsCollectionViewCell.swift */,
				595FB1FE27FB594700E4E328 /* HobitsProgressCollectionViewCell.swift */,
			);
			path = HabitsCollection;
			sourceTree = "<group>";
		};
		595FB1E827F35C4400E4E328 /* Info */ = {
			isa = PBXGroup;
			children = (
				595FB1EB27F35CC700E4E328 /* InfoViewController.swift */,
				595FB1F027F391F600E4E328 /* InfoContentView.swift */,
			);
			path = Info;
			sourceTree = "<group>";
		};
		595FB1ED27F3611F00E4E328 /* Common */ = {
			isa = PBXGroup;
			children = (
				595FB1EE27F3616800E4E328 /* Constants.swift */,
				595FB1F227F3936E00E4E328 /* Extentions.swift */,
			);
			path = Common;
			sourceTree = "<group>";
		};
		595FB20527FCF37500E4E328 /* HabitEdit */ = {
			isa = PBXGroup;
			children = (
				595FB1F427F3BBA500E4E328 /* HabitEditViewController.swift */,
				595FB20027FCD17400E4E328 /* HabitEditView.swift */,
			);
			path = HabitEdit;
			sourceTree = "<group>";
		};
		595FB20627FCF45200E4E328 /* Model */ = {
			isa = PBXGroup;
			children = (
				595FB1E527F34FFE00E4E328 /* HabitsStore.swift */,
				595FB1FA27FA440300E4E328 /* Storage.swift */,
			);
			path = Model;
			sourceTree = "<group>";
		};
		595FB2072801E10100E4E328 /* HabitDatail */ = {
			isa = PBXGroup;
			children = (
				595FB2082801E21100E4E328 /* HabitDetailViewController.swift */,
				595FB20A2801EB9500E4E328 /* HabitDetailTableView.swift */,
				595FB20C2801EC2D00E4E328 /* HabitDetailTableViewCell.swift */,
			);
			path = HabitDatail;
			sourceTree = "<group>";
		};
/* End PBXGroup section */

/* Begin PBXNativeTarget section */
		595FB1CD27F3495200E4E328 /* MyHabits */ = {
			isa = PBXNativeTarget;
			buildConfigurationList = 595FB1E227F3495300E4E328 /* Build configuration list for PBXNativeTarget "MyHabits" */;
			buildPhases = (
				595FB1CA27F3495200E4E328 /* Sources */,
				595FB1CB27F3495200E4E328 /* Frameworks */,
				595FB1CC27F3495200E4E328 /* Resources */,
			);
			buildRules = (
			);
			dependencies = (
			);
			name = MyHabits;
			productName = MyHabits;
			productReference = 595FB1CE27F3495200E4E328 /* MyHabits.app */;
			productType = "com.apple.product-type.application";
		};
/* End PBXNativeTarget section */

/* Begin PBXProject section */
		595FB1C627F3495200E4E328 /* Project object */ = {
			isa = PBXProject;
			attributes = {
				BuildIndependentTargetsInParallel = 1;
				LastSwiftUpdateCheck = 1330;
				LastUpgradeCheck = 1330;
				TargetAttributes = {
					595FB1CD27F3495200E4E328 = {
						CreatedOnToolsVersion = 13.3;
					};
				};
			};
			buildConfigurationList = 595FB1C927F3495200E4E328 /* Build configuration list for PBXProject "MyHabits" */;
			compatibilityVersion = "Xcode 13.0";
			developmentRegion = en;
			hasScannedForEncodings = 0;
			knownRegions = (
				en,
				Base,
			);
			mainGroup = 595FB1C527F3495200E4E328;
			productRefGroup = 595FB1CF27F3495200E4E328 /* Products */;
			projectDirPath = "";
			projectRoot = "";
			targets = (
				595FB1CD27F3495200E4E328 /* MyHabits */,
			);
		};
/* End PBXProject section */

/* Begin PBXResourcesBuildPhase section */
		595FB1CC27F3495200E4E328 /* Resources */ = {
			isa = PBXResourcesBuildPhase;
			buildActionMask = 2147483647;
			files = (
				595FB1DE27F3495300E4E328 /* LaunchScreen.storyboard in Resources */,
				595FB1DB27F3495300E4E328 /* Assets.xcassets in Resources */,
			);
			runOnlyForDeploymentPostprocessing = 0;
		};
/* End PBXResourcesBuildPhase section */

/* Begin PBXSourcesBuildPhase section */
		595FB1CA27F3495200E4E328 /* Sources */ = {
			isa = PBXSourcesBuildPhase;
			buildActionMask = 2147483647;
			files = (
				595FB1E627F34FFE00E4E328 /* HabitsStore.swift in Sources */,
				595FB20D2801EC2D00E4E328 /* HabitDetailTableViewCell.swift in Sources */,
				595FB20327FCDF2E00E4E328 /* HabitsCollectionView.swift in Sources */,
				595FB1D627F3495200E4E328 /* ViewController.swift in Sources */,
				595FB1F127F391F600E4E328 /* InfoContentView.swift in Sources */,
				595FB2092801E21100E4E328 /* HabitDetailViewController.swift in Sources */,
				595FB20B2801EB9500E4E328 /* HabitDetailTableView.swift in Sources */,
				595FB20127FCD17400E4E328 /* HabitEditView.swift in Sources */,
				595FB1FD27FA459000E4E328 /* HobitsCollectionViewCell.swift in Sources */,
				595FB1D227F3495200E4E328 /* AppDelegate.swift in Sources */,
				595FB1EA27F35CA300E4E328 /* HabitsViewController.swift in Sources */,
				595FB1EF27F3616800E4E328 /* Constants.swift in Sources */,
				595FB1EC27F35CC700E4E328 /* InfoViewController.swift in Sources */,
				595FB1F527F3BBA500E4E328 /* HabitEditViewController.swift in Sources */,
				595FB1D427F3495200E4E328 /* SceneDelegate.swift in Sources */,
				595FB1F327F3936E00E4E328 /* Extentions.swift in Sources */,
				595FB1FB27FA440300E4E328 /* Storage.swift in Sources */,
				595FB1FF27FB594700E4E328 /* HobitsProgressCollectionViewCell.swift in Sources */,
			);
			runOnlyForDeploymentPostprocessing = 0;
		};
/* End PBXSourcesBuildPhase section */

/* Begin PBXVariantGroup section */
		595FB1DC27F3495300E4E328 /* LaunchScreen.storyboard */ = {
			isa = PBXVariantGroup;
			children = (
				595FB1DD27F3495300E4E328 /* Base */,
			);
			name = LaunchScreen.storyboard;
			sourceTree = "<group>";
		};
/* End PBXVariantGroup section */

/* Begin XCBuildConfiguration section */
		595FB1E027F3495300E4E328 /* Debug */ = {
			isa = XCBuildConfiguration;
			buildSettings = {
				ALWAYS_SEARCH_USER_PATHS = NO;
				CLANG_ANALYZER_NONNULL = YES;
				CLANG_ANALYZER_NUMBER_OBJECT_CONVERSION = YES_AGGRESSIVE;
				CLANG_CXX_LANGUAGE_STANDARD = "gnu++17";
				CLANG_ENABLE_MODULES = YES;
				CLANG_ENABLE_OBJC_ARC = YES;
				CLANG_ENABLE_OBJC_WEAK = YES;
				CLANG_WARN_BLOCK_CAPTURE_AUTORELEASING = YES;
				CLANG_WARN_BOOL_CONVERSION = YES;
				CLANG_WARN_COMMA = YES;
				CLANG_WARN_CONSTANT_CONVERSION = YES;
				CLANG_WARN_DEPRECATED_OBJC_IMPLEMENTATIONS = YES;
				CLANG_WARN_DIRECT_OBJC_ISA_USAGE = YES_ERROR;
				CLANG_WARN_DOCUMENTATION_COMMENTS = YES;
				CLANG_WARN_EMPTY_BODY = YES;
				CLANG_WARN_ENUM_CONVERSION = YES;
				CLANG_WARN_INFINITE_RECURSION = YES;
				CLANG_WARN_INT_CONVERSION = YES;
				CLANG_WARN_NON_LITERAL_NULL_CONVERSION = YES;
				CLANG_WARN_OBJC_IMPLICIT_RETAIN_SELF = YES;
				CLANG_WARN_OBJC_LITERAL_CONVERSION = YES;
				CLANG_WARN_OBJC_ROOT_CLASS = YES_ERROR;
				CLANG_WARN_QUOTED_INCLUDE_IN_FRAMEWORK_HEADER = YES;
				CLANG_WARN_RANGE_LOOP_ANALYSIS = YES;
				CLANG_WARN_STRICT_PROTOTYPES = YES;
				CLANG_WARN_SUSPICIOUS_MOVE = YES;
				CLANG_WARN_UNGUARDED_AVAILABILITY = YES_AGGRESSIVE;
				CLANG_WARN_UNREACHABLE_CODE = YES;
				CLANG_WARN__DUPLICATE_METHOD_MATCH = YES;
				COPY_PHASE_STRIP = NO;
				DEBUG_INFORMATION_FORMAT = dwarf;
				ENABLE_STRICT_OBJC_MSGSEND = YES;
				ENABLE_TESTABILITY = YES;
				GCC_C_LANGUAGE_STANDARD = gnu11;
				GCC_DYNAMIC_NO_PIC = NO;
				GCC_NO_COMMON_BLOCKS = YES;
				GCC_OPTIMIZATION_LEVEL = 0;
				GCC_PREPROCESSOR_DEFINITIONS = (
					"DEBUG=1",
					"$(inherited)",
				);
				GCC_WARN_64_TO_32_BIT_CONVERSION = YES;
				GCC_WARN_ABOUT_RETURN_TYPE = YES_ERROR;
				GCC_WARN_UNDECLARED_SELECTOR = YES;
				GCC_WARN_UNINITIALIZED_AUTOS = YES_AGGRESSIVE;
				GCC_WARN_UNUSED_FUNCTION = YES;
				GCC_WARN_UNUSED_VARIABLE = YES;
				IPHONEOS_DEPLOYMENT_TARGET = 15.4;
				MTL_ENABLE_DEBUG_INFO = INCLUDE_SOURCE;
				MTL_FAST_MATH = YES;
				ONLY_ACTIVE_ARCH = YES;
				SDKROOT = iphoneos;
				SWIFT_ACTIVE_COMPILATION_CONDITIONS = DEBUG;
				SWIFT_OPTIMIZATION_LEVEL = "-Onone";
			};
			name = Debug;
		};
		595FB1E127F3495300E4E328 /* Release */ = {
			isa = XCBuildConfiguration;
			buildSettings = {
				ALWAYS_SEARCH_USER_PATHS = NO;
				CLANG_ANALYZER_NONNULL = YES;
				CLANG_ANALYZER_NUMBER_OBJECT_CONVERSION = YES_AGGRESSIVE;
				CLANG_CXX_LANGUAGE_STANDARD = "gnu++17";
				CLANG_ENABLE_MODULES = YES;
				CLANG_ENABLE_OBJC_ARC = YES;
				CLANG_ENABLE_OBJC_WEAK = YES;
				CLANG_WARN_BLOCK_CAPTURE_AUTORELEASING = YES;
				CLANG_WARN_BOOL_CONVERSION = YES;
				CLANG_WARN_COMMA = YES;
				CLANG_WARN_CONSTANT_CONVERSION = YES;
				CLANG_WARN_DEPRECATED_OBJC_IMPLEMENTATIONS = YES;
				CLANG_WARN_DIRECT_OBJC_ISA_USAGE = YES_ERROR;
				CLANG_WARN_DOCUMENTATION_COMMENTS = YES;
				CLANG_WARN_EMPTY_BODY = YES;
				CLANG_WARN_ENUM_CONVERSION = YES;
				CLANG_WARN_INFINITE_RECURSION = YES;
				CLANG_WARN_INT_CONVERSION = YES;
				CLANG_WARN_NON_LITERAL_NULL_CONVERSION = YES;
				CLANG_WARN_OBJC_IMPLICIT_RETAIN_SELF = YES;
				CLANG_WARN_OBJC_LITERAL_CONVERSION = YES;
				CLANG_WARN_OBJC_ROOT_CLASS = YES_ERROR;
				CLANG_WARN_QUOTED_INCLUDE_IN_FRAMEWORK_HEADER = YES;
				CLANG_WARN_RANGE_LOOP_ANALYSIS = YES;
				CLANG_WARN_STRICT_PROTOTYPES = YES;
				CLANG_WARN_SUSPICIOUS_MOVE = YES;
				CLANG_WARN_UNGUARDED_AVAILABILITY = YES_AGGRESSIVE;
				CLANG_WARN_UNREACHABLE_CODE = YES;
				CLANG_WARN__DUPLICATE_METHOD_MATCH = YES;
				COPY_PHASE_STRIP = NO;
				DEBUG_INFORMATION_FORMAT = "dwarf-with-dsym";
				ENABLE_NS_ASSERTIONS = NO;
				ENABLE_STRICT_OBJC_MSGSEND = YES;
				GCC_C_LANGUAGE_STANDARD = gnu11;
				GCC_NO_COMMON_BLOCKS = YES;
				GCC_WARN_64_TO_32_BIT_CONVERSION = YES;
				GCC_WARN_ABOUT_RETURN_TYPE = YES_ERROR;
				GCC_WARN_UNDECLARED_SELECTOR = YES;
				GCC_WARN_UNINITIALIZED_AUTOS = YES_AGGRESSIVE;
				GCC_WARN_UNUSED_FUNCTION = YES;
				GCC_WARN_UNUSED_VARIABLE = YES;
				IPHONEOS_DEPLOYMENT_TARGET = 15.4;
				MTL_ENABLE_DEBUG_INFO = NO;
				MTL_FAST_MATH = YES;
				SDKROOT = iphoneos;
				SWIFT_COMPILATION_MODE = wholemodule;
				SWIFT_OPTIMIZATION_LEVEL = "-O";
				VALIDATE_PRODUCT = YES;
			};
			name = Release;
		};
		595FB1E327F3495300E4E328 /* Debug */ = {
			isa = XCBuildConfiguration;
			buildSettings = {
				ASSETCATALOG_COMPILER_APPICON_NAME = AppIcon;
				ASSETCATALOG_COMPILER_GLOBAL_ACCENT_COLOR_NAME = AccentColor;
				CODE_SIGN_STYLE = Automatic;
				CURRENT_PROJECT_VERSION = 1;
				GENERATE_INFOPLIST_FILE = YES;
				INFOPLIST_FILE = MyHabits/Info.plist;
				INFOPLIST_KEY_UIApplicationSupportsIndirectInputEvents = YES;
				INFOPLIST_KEY_UILaunchStoryboardName = LaunchScreen;
				INFOPLIST_KEY_UISupportedInterfaceOrientations = "UIInterfaceOrientationPortrait UIInterfaceOrientationLandscapeLeft UIInterfaceOrientationLandscapeRight";
				INFOPLIST_KEY_UISupportedInterfaceOrientations_iPad = "UIInterfaceOrientationPortrait UIInterfaceOrientationPortraitUpsideDown UIInterfaceOrientationLandscapeLeft UIInterfaceOrientationLandscapeRight";
				INFOPLIST_KEY_UISupportedInterfaceOrientations_iPhone = "UIInterfaceOrientationPortrait UIInterfaceOrientationLandscapeLeft UIInterfaceOrientationLandscapeRight";
				IPHONEOS_DEPLOYMENT_TARGET = 14.5;
				LD_RUNPATH_SEARCH_PATHS = (
					"$(inherited)",
					"@executable_path/Frameworks",
				);
				MARKETING_VERSION = 1.0;
				PRODUCT_BUNDLE_IDENTIFIER = ru.google.alesha.taguch.MyHabits;
				PRODUCT_NAME = "$(TARGET_NAME)";
				SWIFT_EMIT_LOC_STRINGS = YES;
				SWIFT_VERSION = 5.0;
				TARGETED_DEVICE_FAMILY = "1,2";
			};
			name = Debug;
		};
		595FB1E427F3495300E4E328 /* Release */ = {
			isa = XCBuildConfiguration;
			buildSettings = {
				ASSETCATALOG_COMPILER_APPICON_NAME = AppIcon;
				ASSETCATALOG_COMPILER_GLOBAL_ACCENT_COLOR_NAME = AccentColor;
				CODE_SIGN_STYLE = Automatic;
				CURRENT_PROJECT_VERSION = 1;
				GENERATE_INFOPLIST_FILE = YES;
				INFOPLIST_FILE = MyHabits/Info.plist;
				INFOPLIST_KEY_UIApplicationSupportsIndirectInputEvents = YES;
				INFOPLIST_KEY_UILaunchStoryboardName = LaunchScreen;
				INFOPLIST_KEY_UISupportedInterfaceOrientations = "UIInterfaceOrientationPortrait UIInterfaceOrientationLandscapeLeft UIInterfaceOrientationLandscapeRight";
				INFOPLIST_KEY_UISupportedInterfaceOrientations_iPad = "UIInterfaceOrientationPortrait UIInterfaceOrientationPortraitUpsideDown UIInterfaceOrientationLandscapeLeft UIInterfaceOrientationLandscapeRight";
				INFOPLIST_KEY_UISupportedInterfaceOrientations_iPhone = "UIInterfaceOrientationPortrait UIInterfaceOrientationLandscapeLeft UIInterfaceOrientationLandscapeRight";
				IPHONEOS_DEPLOYMENT_TARGET = 14.5;
				LD_RUNPATH_SEARCH_PATHS = (
					"$(inherited)",
					"@executable_path/Frameworks",
				);
				MARKETING_VERSION = 1.0;
				PRODUCT_BUNDLE_IDENTIFIER = ru.google.alesha.taguch.MyHabits;
				PRODUCT_NAME = "$(TARGET_NAME)";
				SWIFT_EMIT_LOC_STRINGS = YES;
				SWIFT_VERSION = 5.0;
				TARGETED_DEVICE_FAMILY = "1,2";
			};
			name = Release;
		};
/* End XCBuildConfiguration section */

/* Begin XCConfigurationList section */
		595FB1C927F3495200E4E328 /* Build configuration list for PBXProject "MyHabits" */ = {
			isa = XCConfigurationList;
			buildConfigurations = (
				595FB1E027F3495300E4E328 /* Debug */,
				595FB1E127F3495300E4E328 /* Release */,
			);
			defaultConfigurationIsVisible = 0;
			defaultConfigurationName = Release;
		};
		595FB1E227F3495300E4E328 /* Build configuration list for PBXNativeTarget "MyHabits" */ = {
			isa = XCConfigurationList;
			buildConfigurations = (
				595FB1E327F3495300E4E328 /* Debug */,
				595FB1E427F3495300E4E328 /* Release */,
			);
			defaultConfigurationIsVisible = 0;
			defaultConfigurationName = Release;
		};
/* End XCConfigurationList section */
	};
	rootObject = 595FB1C627F3495200E4E328 /* Project object */;
}
